
Microsoft Visual Studio Solution File, Format Version 12.00
# Visual Studio Version 16
VisualStudioVersion = 16.0.30804.86
MinimumVisualStudioVersion = 10.0.40219.1
Project("{FAE04EC0-301F-11D3-BF4B-00C04F79EFBC}") = "CONBook.Domain", "CONBook.Domain\CONBook.Domain.csproj", "{1CCFA18D-B157-410F-96AC-EE8FC47BF491}"
EndProject
Project("{2150E333-8FDC-42A3-9474-1A3956D46DE8}") = "Domain", "Domain", "{2591E79C-3BCB-426E-A4A6-8C9C33A98DE6}"
EndProject
Project("{2150E333-8FDC-42A3-9474-1A3956D46DE8}") = "Application", "Application", "{06458CF9-23D5-4384-AFBC-F1BCD336689C}"
EndProject
Project("{2150E333-8FDC-42A3-9474-1A3956D46DE8}") = "Data", "Data", "{D2F0C3D2-8FD6-41D8-B801-6C134A33477C}"
EndProject
Project("{FAE04EC0-301F-11D3-BF4B-00C04F79EFBC}") = "CONBook.Data", "CONBook.Data\CONBook.Data.csproj", "{696A3C1A-F46D-413F-B64A-D44BE1BEE8F0}"
EndProject
Project("{FAE04EC0-301F-11D3-BF4B-00C04F79EFBC}") = "CONBook.Data.Core", "CONBook.Data.Core\CONBook.Data.Core.csproj", "{6100BB10-B4D2-4074-992B-C1DE53E97248}"
EndProject
Project("{FAE04EC0-301F-11D3-BF4B-00C04F79EFBC}") = "CONBook.Data.Services", "CONBook.Data.Services\CONBook.Data.Services.csproj", "{C5395231-9A7F-4876-9F49-05380BE75DDB}"
EndProject
Project("{FAE04EC0-301F-11D3-BF4B-00C04F79EFBC}") = "CONBook.Domain.Core", "CONBook.Domain.Core\CONBook.Domain.Core.csproj", "{F28E9955-A309-4009-9F6D-3B99D7CD0AA9}"
EndProject
Project("{FAE04EC0-301F-11D3-BF4B-00C04F79EFBC}") = "CONBook.Domain.Services", "CONBook.Domain.Services\CONBook.Domain.Services.csproj", "{24776EBE-EEB9-4960-80C9-53F656B9DE64}"
EndProject
Project("{2150E333-8FDC-42A3-9474-1A3956D46DE8}") = "IOC", "IOC", "{2309E2EC-96F9-49A3-ABFA-17D57486B3E4}"
EndProject
Project("{FAE04EC0-301F-11D3-BF4B-00C04F79EFBC}") = "CONBook.IOC", "CONBook.IOC\CONBook.IOC.csproj", "{D7DCEB4F-09B4-40B7-9D7F-4CDA785A1E46}"
EndProject
Project("{FAE04EC0-301F-11D3-BF4B-00C04F79EFBC}") = "CONBook.Application", "CONBook.Application\CONBook.Application.csproj", "{4C2DEDAD-82FC-4C23-9AE9-D49E12347CEE}"
EndProject
Project("{FAE04EC0-301F-11D3-BF4B-00C04F79EFBC}") = "CONBook.Application.Core", "CONBook.Application.Core\CONBook.Application.Core.csproj", "{BE1CE7A4-BD7B-402F-9124-C0A84BA2292F}"
EndProject
Project("{FAE04EC0-301F-11D3-BF4B-00C04F79EFBC}") = "CONBook.Application.Services", "CONBook.Application.Services\CONBook.Application.Services.csproj", "{88BA5B97-5C68-4380-B814-5E99A3E70A9F}"
EndProject
Project("{2150E333-8FDC-42A3-9474-1A3956D46DE8}") = "Presentation", "Presentation", "{05378DA3-2F99-4FCF-91D6-950E07AD57E4}"
EndProject
Project("{FAE04EC0-301F-11D3-BF4B-00C04F79EFBC}") = "CONBook.API", "CONBook.API\CONBook.API.csproj", "{F0995416-DE93-4C3B-92F3-28183B8D0799}"
EndProject
Global
	GlobalSection(SolutionConfigurationPlatforms) = preSolution
		Debug|Any CPU = Debug|Any CPU
		Release|Any CPU = Release|Any CPU
	EndGlobalSection
	GlobalSection(ProjectConfigurationPlatforms) = postSolution
		{1CCFA18D-B157-410F-96AC-EE8FC47BF491}.Debug|Any CPU.ActiveCfg = Debug|Any CPU
		{1CCFA18D-B157-410F-96AC-EE8FC47BF491}.Debug|Any CPU.Build.0 = Debug|Any CPU
		{1CCFA18D-B157-410F-96AC-EE8FC47BF491}.Release|Any CPU.ActiveCfg = Release|Any CPU
		{1CCFA18D-B157-410F-96AC-EE8FC47BF491}.Release|Any CPU.Build.0 = Release|Any CPU
		{696A3C1A-F46D-413F-B64A-D44BE1BEE8F0}.Debug|Any CPU.ActiveCfg = Debug|Any CPU
		{696A3C1A-F46D-413F-B64A-D44BE1BEE8F0}.Debug|Any CPU.Build.0 = Debug|Any CPU
		{696A3C1A-F46D-413F-B64A-D44BE1BEE8F0}.Release|Any CPU.ActiveCfg = Release|Any CPU
		{696A3C1A-F46D-413F-B64A-D44BE1BEE8F0}.Release|Any CPU.Build.0 = Release|Any CPU
		{6100BB10-B4D2-4074-992B-C1DE53E97248}.Debug|Any CPU.ActiveCfg = Debug|Any CPU
		{6100BB10-B4D2-4074-992B-C1DE53E97248}.Debug|Any CPU.Build.0 = Debug|Any CPU
		{6100BB10-B4D2-4074-992B-C1DE53E97248}.Release|Any CPU.ActiveCfg = Release|Any CPU
		{6100BB10-B4D2-4074-992B-C1DE53E97248}.Release|Any CPU.Build.0 = Release|Any CPU
		{C5395231-9A7F-4876-9F49-05380BE75DDB}.Debug|Any CPU.ActiveCfg = Debug|Any CPU
		{C5395231-9A7F-4876-9F49-05380BE75DDB}.Debug|Any CPU.Build.0 = Debug|Any CPU
		{C5395231-9A7F-4876-9F49-05380BE75DDB}.Release|Any CPU.ActiveCfg = Release|Any CPU
		{C5395231-9A7F-4876-9F49-05380BE75DDB}.Release|Any CPU.Build.0 = Release|Any CPU
		{F28E9955-A309-4009-9F6D-3B99D7CD0AA9}.Debug|Any CPU.ActiveCfg = Debug|Any CPU
		{F28E9955-A309-4009-9F6D-3B99D7CD0AA9}.Debug|Any CPU.Build.0 = Debug|Any CPU
		{F28E9955-A309-4009-9F6D-3B99D7CD0AA9}.Release|Any CPU.ActiveCfg = Release|Any CPU
		{F28E9955-A309-4009-9F6D-3B99D7CD0AA9}.Release|Any CPU.Build.0 = Release|Any CPU
		{24776EBE-EEB9-4960-80C9-53F656B9DE64}.Debug|Any CPU.ActiveCfg = Debug|Any CPU
		{24776EBE-EEB9-4960-80C9-53F656B9DE64}.Debug|Any CPU.Build.0 = Debug|Any CPU
		{24776EBE-EEB9-4960-80C9-53F656B9DE64}.Release|Any CPU.ActiveCfg = Release|Any CPU
		{24776EBE-EEB9-4960-80C9-53F656B9DE64}.Release|Any CPU.Build.0 = Release|Any CPU
		{D7DCEB4F-09B4-40B7-9D7F-4CDA785A1E46}.Debug|Any CPU.ActiveCfg = Debug|Any CPU
		{D7DCEB4F-09B4-40B7-9D7F-4CDA785A1E46}.Debug|Any CPU.Build.0 = Debug|Any CPU
		{D7DCEB4F-09B4-40B7-9D7F-4CDA785A1E46}.Release|Any CPU.ActiveCfg = Release|Any CPU
		{D7DCEB4F-09B4-40B7-9D7F-4CDA785A1E46}.Release|Any CPU.Build.0 = Release|Any CPU
		{4C2DEDAD-82FC-4C23-9AE9-D49E12347CEE}.Debug|Any CPU.ActiveCfg = Debug|Any CPU
		{4C2DEDAD-82FC-4C23-9AE9-D49E12347CEE}.Debug|Any CPU.Build.0 = Debug|Any CPU
		{4C2DEDAD-82FC-4C23-9AE9-D49E12347CEE}.Release|Any CPU.ActiveCfg = Release|Any CPU
		{4C2DEDAD-82FC-4C23-9AE9-D49E12347CEE}.Release|Any CPU.Build.0 = Release|Any CPU
		{BE1CE7A4-BD7B-402F-9124-C0A84BA2292F}.Debug|Any CPU.ActiveCfg = Debug|Any CPU
		{BE1CE7A4-BD7B-402F-9124-C0A84BA2292F}.Debug|Any CPU.Build.0 = Debug|Any CPU
		{BE1CE7A4-BD7B-402F-9124-C0A84BA2292F}.Release|Any CPU.ActiveCfg = Release|Any CPU
		{BE1CE7A4-BD7B-402F-9124-C0A84BA2292F}.Release|Any CPU.Build.0 = Release|Any CPU
		{88BA5B97-5C68-4380-B814-5E99A3E70A9F}.Debug|Any CPU.ActiveCfg = Debug|Any CPU
		{88BA5B97-5C68-4380-B814-5E99A3E70A9F}.Debug|Any CPU.Build.0 = Debug|Any CPU
		{88BA5B97-5C68-4380-B814-5E99A3E70A9F}.Release|Any CPU.ActiveCfg = Release|Any CPU
		{88BA5B97-5C68-4380-B814-5E99A3E70A9F}.Release|Any CPU.Build.0 = Release|Any CPU
		{F0995416-DE93-4C3B-92F3-28183B8D0799}.Debug|Any CPU.ActiveCfg = Debug|Any CPU
		{F0995416-DE93-4C3B-92F3-28183B8D0799}.Debug|Any CPU.Build.0 = Debug|Any CPU
		{F0995416-DE93-4C3B-92F3-28183B8D0799}.Release|Any CPU.ActiveCfg = Release|Any CPU
		{F0995416-DE93-4C3B-92F3-28183B8D0799}.Release|Any CPU.Build.0 = Release|Any CPU
	EndGlobalSection
	GlobalSection(SolutionProperties) = preSolution
		HideSolutionNode = FALSE
	EndGlobalSection
	GlobalSection(NestedProjects) = preSolution
		{1CCFA18D-B157-410F-96AC-EE8FC47BF491} = {2591E79C-3BCB-426E-A4A6-8C9C33A98DE6}
		{696A3C1A-F46D-413F-B64A-D44BE1BEE8F0} = {D2F0C3D2-8FD6-41D8-B801-6C134A33477C}
		{6100BB10-B4D2-4074-992B-C1DE53E97248} = {D2F0C3D2-8FD6-41D8-B801-6C134A33477C}
		{C5395231-9A7F-4876-9F49-05380BE75DDB} = {D2F0C3D2-8FD6-41D8-B801-6C134A33477C}
		{F28E9955-A309-4009-9F6D-3B99D7CD0AA9} = {2591E79C-3BCB-426E-A4A6-8C9C33A98DE6}
		{24776EBE-EEB9-4960-80C9-53F656B9DE64} = {2591E79C-3BCB-426E-A4A6-8C9C33A98DE6}
		{D7DCEB4F-09B4-40B7-9D7F-4CDA785A1E46} = {2309E2EC-96F9-49A3-ABFA-17D57486B3E4}
		{4C2DEDAD-82FC-4C23-9AE9-D49E12347CEE} = {06458CF9-23D5-4384-AFBC-F1BCD336689C}
		{BE1CE7A4-BD7B-402F-9124-C0A84BA2292F} = {06458CF9-23D5-4384-AFBC-F1BCD336689C}
		{88BA5B97-5C68-4380-B814-5E99A3E70A9F} = {06458CF9-23D5-4384-AFBC-F1BCD336689C}
		{F0995416-DE93-4C3B-92F3-28183B8D0799} = {05378DA3-2F99-4FCF-91D6-950E07AD57E4}
	EndGlobalSection
	GlobalSection(ExtensibilityGlobals) = postSolution
		SolutionGuid = {9A3F0EB5-9098-42C8-8CEE-9CD341F7BE74}
	EndGlobalSection
EndGlobal
